
Microsoft Visual Studio Solution File, Format Version 12.00
# Visual Studio 15
VisualStudioVersion = 15.0.28307.421
MinimumVisualStudioVersion = 10.0.40219.1
Project("{FAE04EC0-301F-11D3-BF4B-00C04F79EFBC}") = "01", "01\01.csproj", "{F35716F1-5867-400C-9A63-28674ED0BE23}"
EndProject
Project("{FAE04EC0-301F-11D3-BF4B-00C04F79EFBC}") = "02", "02\02.csproj", "{6FE43F57-514E-48C5-A1AF-528C2579E5FB}"
EndProject
Project("{FAE04EC0-301F-11D3-BF4B-00C04F79EFBC}") = "03", "03\03.csproj", "{403C381C-006A-4862-BBF2-3F90E5FF7DC5}"
EndProject
Project("{FAE04EC0-301F-11D3-BF4B-00C04F79EFBC}") = "04", "04\04.csproj", "{3C9FAA79-5513-495E-949A-62C3A25C2271}"
EndProject
Project("{FAE04EC0-301F-11D3-BF4B-00C04F79EFBC}") = "05", "05\05.csproj", "{31EA09F5-007D-413F-8387-12083B96DC7A}"
EndProject
Project("{FAE04EC0-301F-11D3-BF4B-00C04F79EFBC}") = "06", "06\06.csproj", "{B2D046CA-D882-4FA3-9552-77BDD3426009}"
EndProject
Project("{FAE04EC0-301F-11D3-BF4B-00C04F79EFBC}") = "07", "07\07.csproj", "{99CAC385-B25C-4710-B966-A8535BD3BE9C}"
EndProject
Project("{FAE04EC0-301F-11D3-BF4B-00C04F79EFBC}") = "08", "08\08.csproj", "{8477EF63-6612-4309-B9EA-286A85810AFF}"
EndProject
Project("{FAE04EC0-301F-11D3-BF4B-00C04F79EFBC}") = "09", "09\09.csproj", "{F2E3BB92-D3B5-490F-A9AE-F051977E018D}"
EndProject
Project("{FAE04EC0-301F-11D3-BF4B-00C04F79EFBC}") = "10", "10\10.csproj", "{00A4D97F-F785-404D-9B97-11FBEC3DA1C8}"
EndProject
Project("{FAE04EC0-301F-11D3-BF4B-00C04F79EFBC}") = "11", "11\11.csproj", "{39F4E8B3-1A62-47A8-B229-24852AD33481}"
EndProject
Global
	GlobalSection(SolutionConfigurationPlatforms) = preSolution
		Debug|Any CPU = Debug|Any CPU
		Debug|x86 = Debug|x86
		Release|Any CPU = Release|Any CPU
		Release|x86 = Release|x86
	EndGlobalSection
	GlobalSection(ProjectConfigurationPlatforms) = postSolution
		{F35716F1-5867-400C-9A63-28674ED0BE23}.Debug|Any CPU.ActiveCfg = Debug|Any CPU
		{F35716F1-5867-400C-9A63-28674ED0BE23}.Debug|Any CPU.Build.0 = Debug|Any CPU
		{F35716F1-5867-400C-9A63-28674ED0BE23}.Debug|x86.ActiveCfg = Debug|x86
		{F35716F1-5867-400C-9A63-28674ED0BE23}.Debug|x86.Build.0 = Debug|x86
		{F35716F1-5867-400C-9A63-28674ED0BE23}.Release|Any CPU.ActiveCfg = Release|Any CPU
		{F35716F1-5867-400C-9A63-28674ED0BE23}.Release|Any CPU.Build.0 = Release|Any CPU
		{F35716F1-5867-400C-9A63-28674ED0BE23}.Release|x86.ActiveCfg = Release|x86
		{F35716F1-5867-400C-9A63-28674ED0BE23}.Release|x86.Build.0 = Release|x86
		{6FE43F57-514E-48C5-A1AF-528C2579E5FB}.Debug|Any CPU.ActiveCfg = Debug|Any CPU
		{6FE43F57-514E-48C5-A1AF-528C2579E5FB}.Debug|Any CPU.Build.0 = Debug|Any CPU
		{6FE43F57-514E-48C5-A1AF-528C2579E5FB}.Debug|x86.ActiveCfg = Debug|Any CPU
		{6FE43F57-514E-48C5-A1AF-528C2579E5FB}.Debug|x86.Build.0 = Debug|Any CPU
		{6FE43F57-514E-48C5-A1AF-528C2579E5FB}.Release|Any CPU.ActiveCfg = Release|Any CPU
		{6FE43F57-514E-48C5-A1AF-528C2579E5FB}.Release|Any CPU.Build.0 = Release|Any CPU
		{6FE43F57-514E-48C5-A1AF-528C2579E5FB}.Release|x86.ActiveCfg = Release|Any CPU
		{6FE43F57-514E-48C5-A1AF-528C2579E5FB}.Release|x86.Build.0 = Release|Any CPU
		{403C381C-006A-4862-BBF2-3F90E5FF7DC5}.Debug|Any CPU.ActiveCfg = Debug|Any CPU
		{403C381C-006A-4862-BBF2-3F90E5FF7DC5}.Debug|Any CPU.Build.0 = Debug|Any CPU
		{403C381C-006A-4862-BBF2-3F90E5FF7DC5}.Debug|x86.ActiveCfg = Debug|Any CPU
		{403C381C-006A-4862-BBF2-3F90E5FF7DC5}.Debug|x86.Build.0 = Debug|Any CPU
		{403C381C-006A-4862-BBF2-3F90E5FF7DC5}.Release|Any CPU.ActiveCfg = Release|Any CPU
		{403C381C-006A-4862-BBF2-3F90E5FF7DC5}.Release|Any CPU.Build.0 = Release|Any CPU
		{403C381C-006A-4862-BBF2-3F90E5FF7DC5}.Release|x86.ActiveCfg = Release|Any CPU
		{403C381C-006A-4862-BBF2-3F90E5FF7DC5}.Release|x86.Build.0 = Release|Any CPU
		{3C9FAA79-5513-495E-949A-62C3A25C2271}.Debug|Any CPU.ActiveCfg = Debug|Any CPU
		{3C9FAA79-5513-495E-949A-62C3A25C2271}.Debug|Any CPU.Build.0 = Debug|Any CPU
		{3C9FAA79-5513-495E-949A-62C3A25C2271}.Debug|x86.ActiveCfg = Debug|Any CPU
		{3C9FAA79-5513-495E-949A-62C3A25C2271}.Debug|x86.Build.0 = Debug|Any CPU
		{3C9FAA79-5513-495E-949A-62C3A25C2271}.Release|Any CPU.ActiveCfg = Release|Any CPU
		{3C9FAA79-5513-495E-949A-62C3A25C2271}.Release|Any CPU.Build.0 = Release|Any CPU
		{3C9FAA79-5513-495E-949A-62C3A25C2271}.Release|x86.ActiveCfg = Release|Any CPU
		{3C9FAA79-5513-495E-949A-62C3A25C2271}.Release|x86.Build.0 = Release|Any CPU
		{31EA09F5-007D-413F-8387-12083B96DC7A}.Debug|Any CPU.ActiveCfg = Debug|Any CPU
		{31EA09F5-007D-413F-8387-12083B96DC7A}.Debug|Any CPU.Build.0 = Debug|Any CPU
		{31EA09F5-007D-413F-8387-12083B96DC7A}.Debug|x86.ActiveCfg = Debug|Any CPU
		{31EA09F5-007D-413F-8387-12083B96DC7A}.Debug|x86.Build.0 = Debug|Any CPU
		{31EA09F5-007D-413F-8387-12083B96DC7A}.Release|Any CPU.ActiveCfg = Release|Any CPU
		{31EA09F5-007D-413F-8387-12083B96DC7A}.Release|Any CPU.Build.0 = Release|Any CPU
		{31EA09F5-007D-413F-8387-12083B96DC7A}.Release|x86.ActiveCfg = Release|Any CPU
		{31EA09F5-007D-413F-8387-12083B96DC7A}.Release|x86.Build.0 = Release|Any CPU
		{B2D046CA-D882-4FA3-9552-77BDD3426009}.Debug|Any CPU.ActiveCfg = Debug|Any CPU
		{B2D046CA-D882-4FA3-9552-77BDD3426009}.Debug|Any CPU.Build.0 = Debug|Any CPU
		{B2D046CA-D882-4FA3-9552-77BDD3426009}.Debug|x86.ActiveCfg = Debug|Any CPU
		{B2D046CA-D882-4FA3-9552-77BDD3426009}.Debug|x86.Build.0 = Debug|Any CPU
		{B2D046CA-D882-4FA3-9552-77BDD3426009}.Release|Any CPU.ActiveCfg = Release|Any CPU
		{B2D046CA-D882-4FA3-9552-77BDD3426009}.Release|Any CPU.Build.0 = Release|Any CPU
		{B2D046CA-D882-4FA3-9552-77BDD3426009}.Release|x86.ActiveCfg = Release|Any CPU
		{B2D046CA-D882-4FA3-9552-77BDD3426009}.Release|x86.Build.0 = Release|Any CPU
		{99CAC385-B25C-4710-B966-A8535BD3BE9C}.Debug|Any CPU.ActiveCfg = Debug|Any CPU
		{99CAC385-B25C-4710-B966-A8535BD3BE9C}.Debug|Any CPU.Build.0 = Debug|Any CPU
		{99CAC385-B25C-4710-B966-A8535BD3BE9C}.Debug|x86.ActiveCfg = Debug|Any CPU
		{99CAC385-B25C-4710-B966-A8535BD3BE9C}.Debug|x86.Build.0 = Debug|Any CPU
		{99CAC385-B25C-4710-B966-A8535BD3BE9C}.Release|Any CPU.ActiveCfg = Release|Any CPU
		{99CAC385-B25C-4710-B966-A8535BD3BE9C}.Release|Any CPU.Build.0 = Release|Any CPU
		{99CAC385-B25C-4710-B966-A8535BD3BE9C}.Release|x86.ActiveCfg = Release|Any CPU
		{99CAC385-B25C-4710-B966-A8535BD3BE9C}.Release|x86.Build.0 = Release|Any CPU
		{8477EF63-6612-4309-B9EA-286A85810AFF}.Debug|Any CPU.ActiveCfg = Debug|Any CPU
		{8477EF63-6612-4309-B9EA-286A85810AFF}.Debug|Any CPU.Build.0 = Debug|Any CPU
		{8477EF63-6612-4309-B9EA-286A85810AFF}.Debug|x86.ActiveCfg = Debug|Any CPU
		{8477EF63-6612-4309-B9EA-286A85810AFF}.Debug|x86.Build.0 = Debug|Any CPU
		{8477EF63-6612-4309-B9EA-286A85810AFF}.Release|Any CPU.ActiveCfg = Release|Any CPU
		{8477EF63-6612-4309-B9EA-286A85810AFF}.Release|Any CPU.Build.0 = Release|Any CPU
		{8477EF63-6612-4309-B9EA-286A85810AFF}.Release|x86.ActiveCfg = Release|Any CPU
		{8477EF63-6612-4309-B9EA-286A85810AFF}.Release|x86.Build.0 = Release|Any CPU
		{F2E3BB92-D3B5-490F-A9AE-F051977E018D}.Debug|Any CPU.ActiveCfg = Debug|Any CPU
		{F2E3BB92-D3B5-490F-A9AE-F051977E018D}.Debug|Any CPU.Build.0 = Debug|Any CPU
		{F2E3BB92-D3B5-490F-A9AE-F051977E018D}.Debug|x86.ActiveCfg = Debug|Any CPU
		{F2E3BB92-D3B5-490F-A9AE-F051977E018D}.Debug|x86.Build.0 = Debug|Any CPU
		{F2E3BB92-D3B5-490F-A9AE-F051977E018D}.Release|Any CPU.ActiveCfg = Release|Any CPU
		{F2E3BB92-D3B5-490F-A9AE-F051977E018D}.Release|Any CPU.Build.0 = Release|Any CPU
		{F2E3BB92-D3B5-490F-A9AE-F051977E018D}.Release|x86.ActiveCfg = Release|Any CPU
		{F2E3BB92-D3B5-490F-A9AE-F051977E018D}.Release|x86.Build.0 = Release|Any CPU
		{00A4D97F-F785-404D-9B97-11FBEC3DA1C8}.Debug|Any CPU.ActiveCfg = Debug|Any CPU
		{00A4D97F-F785-404D-9B97-11FBEC3DA1C8}.Debug|Any CPU.Build.0 = Debug|Any CPU
		{00A4D97F-F785-404D-9B97-11FBEC3DA1C8}.Debug|x86.ActiveCfg = Debug|Any CPU
		{00A4D97F-F785-404D-9B97-11FBEC3DA1C8}.Debug|x86.Build.0 = Debug|Any CPU
		{00A4D97F-F785-404D-9B97-11FBEC3DA1C8}.Release|Any CPU.ActiveCfg = Release|Any CPU
		{00A4D97F-F785-404D-9B97-11FBEC3DA1C8}.Release|Any CPU.Build.0 = Release|Any CPU
		{00A4D97F-F785-404D-9B97-11FBEC3DA1C8}.Release|x86.ActiveCfg = Release|Any CPU
		{00A4D97F-F785-404D-9B97-11FBEC3DA1C8}.Release|x86.Build.0 = Release|Any CPU
		{39F4E8B3-1A62-47A8-B229-24852AD33481}.Debug|Any CPU.ActiveCfg = Debug|Any CPU
		{39F4E8B3-1A62-47A8-B229-24852AD33481}.Debug|Any CPU.Build.0 = Debug|Any CPU
		{39F4E8B3-1A62-47A8-B229-24852AD33481}.Debug|x86.ActiveCfg = Debug|Any CPU
		{39F4E8B3-1A62-47A8-B229-24852AD33481}.Debug|x86.Build.0 = Debug|Any CPU
		{39F4E8B3-1A62-47A8-B229-24852AD33481}.Release|Any CPU.ActiveCfg = Release|Any CPU
		{39F4E8B3-1A62-47A8-B229-24852AD33481}.Release|Any CPU.Build.0 = Release|Any CPU
		{39F4E8B3-1A62-47A8-B229-24852AD33481}.Release|x86.ActiveCfg = Release|Any CPU
		{39F4E8B3-1A62-47A8-B229-24852AD33481}.Release|x86.Build.0 = Release|Any CPU
	EndGlobalSection
	GlobalSection(SolutionProperties) = preSolution
		HideSolutionNode = FALSE
	EndGlobalSection
	GlobalSection(ExtensibilityGlobals) = postSolution
		SolutionGuid = {E052E803-DF47-446E-B4C5-42618C5F421F}
	EndGlobalSection
EndGlobal
