
Microsoft Visual Studio Solution File, Format Version 12.00
# Visual Studio 15
VisualStudioVersion = 15.0.28307.421
MinimumVisualStudioVersion = 10.0.40219.1
Project("{FAE04EC0-301F-11D3-BF4B-00C04F79EFBC}") = "01", "01\01.csproj", "{0E2540CE-97F0-49AF-B57E-FBABD939ADFB}"
EndProject
Global
	GlobalSection(SolutionConfigurationPlatforms) = preSolution
		Debug|Any CPU = Debug|Any CPU
		Release|Any CPU = Release|Any CPU
	EndGlobalSection
	GlobalSection(ProjectConfigurationPlatforms) = postSolution
		{0E2540CE-97F0-49AF-B57E-FBABD939ADFB}.Debug|Any CPU.ActiveCfg = Debug|Any CPU
		{0E2540CE-97F0-49AF-B57E-FBABD939ADFB}.Debug|Any CPU.Build.0 = Debug|Any CPU
		{0E2540CE-97F0-49AF-B57E-FBABD939ADFB}.Release|Any CPU.ActiveCfg = Release|Any CPU
		{0E2540CE-97F0-49AF-B57E-FBABD939ADFB}.Release|Any CPU.Build.0 = Release|Any CPU
	EndGlobalSection
	GlobalSection(SolutionProperties) = preSolution
		HideSolutionNode = FALSE
	EndGlobalSection
	GlobalSection(ExtensibilityGlobals) = postSolution
		SolutionGuid = {1F4EE4F0-5EEF-415A-9700-0A555F6B64D8}
	EndGlobalSection
EndGlobal
